{
    "name": "unreal-angelscript",
    "version": "1.9.4",
    "lockfileVersion": 3,
    "requires": true,
    "packages": {
        "": {
            "name": "unreal-angelscript",
            "version": "1.9.4",
            "hasInstallScript": true,
            "engines": {
                "vscode": "^1.65.0"
            }
        }
    }
}
